
Microsoft Visual Studio Solution File, Format Version 12.00
# Visual Studio Version 16
VisualStudioVersion = 16.0.810.25
MinimumVisualStudioVersion = 10.0.40219.1
Project("{FAE04EC0-301F-11D3-BF4B-00C04F79EFBC}") = "Bot.Droid", "AzureChatBot\Bot.Droid.csproj", "{9DD14683-D6AD-4EE1-9511-0CEB0C7A9130}"
EndProject
Project("{FAE04EC0-301F-11D3-BF4B-00C04F79EFBC}") = "Bot.iOS", "Bot.iOS\Bot.iOS.csproj", "{9CDECFEF-BE3A-40DB-B770-24C283F0D0B2}"
EndProject
Project("{FAE04EC0-301F-11D3-BF4B-00C04F79EFBC}") = "Bot.Common", "Bot.Common\Bot.Common.csproj", "{31379BF5-997E-4C09-B5C7-D5AEDD808FED}"
EndProject
Global
	GlobalSection(SolutionConfigurationPlatforms) = preSolution
		Debug|Any CPU = Debug|Any CPU
		Release|Any CPU = Release|Any CPU
		Debug|iPhoneSimulator = Debug|iPhoneSimulator
		Release|iPhoneSimulator = Release|iPhoneSimulator
		Debug|iPhone = Debug|iPhone
		Release|iPhone = Release|iPhone
	EndGlobalSection
	GlobalSection(ProjectConfigurationPlatforms) = postSolution
		{9DD14683-D6AD-4EE1-9511-0CEB0C7A9130}.Debug|Any CPU.ActiveCfg = Debug|Any CPU
		{9DD14683-D6AD-4EE1-9511-0CEB0C7A9130}.Debug|Any CPU.Build.0 = Debug|Any CPU
		{9DD14683-D6AD-4EE1-9511-0CEB0C7A9130}.Release|Any CPU.ActiveCfg = Release|Any CPU
		{9DD14683-D6AD-4EE1-9511-0CEB0C7A9130}.Release|Any CPU.Build.0 = Release|Any CPU
		{9DD14683-D6AD-4EE1-9511-0CEB0C7A9130}.Debug|iPhoneSimulator.ActiveCfg = Debug|Any CPU
		{9DD14683-D6AD-4EE1-9511-0CEB0C7A9130}.Debug|iPhoneSimulator.Build.0 = Debug|Any CPU
		{9DD14683-D6AD-4EE1-9511-0CEB0C7A9130}.Release|iPhoneSimulator.ActiveCfg = Release|Any CPU
		{9DD14683-D6AD-4EE1-9511-0CEB0C7A9130}.Release|iPhoneSimulator.Build.0 = Release|Any CPU
		{9DD14683-D6AD-4EE1-9511-0CEB0C7A9130}.Debug|iPhone.ActiveCfg = Debug|Any CPU
		{9DD14683-D6AD-4EE1-9511-0CEB0C7A9130}.Debug|iPhone.Build.0 = Debug|Any CPU
		{9DD14683-D6AD-4EE1-9511-0CEB0C7A9130}.Release|iPhone.ActiveCfg = Release|Any CPU
		{9DD14683-D6AD-4EE1-9511-0CEB0C7A9130}.Release|iPhone.Build.0 = Release|Any CPU
		{9CDECFEF-BE3A-40DB-B770-24C283F0D0B2}.Debug|Any CPU.ActiveCfg = Debug|iPhoneSimulator
		{9CDECFEF-BE3A-40DB-B770-24C283F0D0B2}.Debug|Any CPU.Build.0 = Debug|iPhoneSimulator
		{9CDECFEF-BE3A-40DB-B770-24C283F0D0B2}.Release|Any CPU.ActiveCfg = Release|iPhoneSimulator
		{9CDECFEF-BE3A-40DB-B770-24C283F0D0B2}.Release|Any CPU.Build.0 = Release|iPhoneSimulator
		{9CDECFEF-BE3A-40DB-B770-24C283F0D0B2}.Debug|iPhoneSimulator.ActiveCfg = Debug|iPhoneSimulator
		{9CDECFEF-BE3A-40DB-B770-24C283F0D0B2}.Debug|iPhoneSimulator.Build.0 = Debug|iPhoneSimulator
		{9CDECFEF-BE3A-40DB-B770-24C283F0D0B2}.Release|iPhoneSimulator.ActiveCfg = Release|iPhoneSimulator
		{9CDECFEF-BE3A-40DB-B770-24C283F0D0B2}.Release|iPhoneSimulator.Build.0 = Release|iPhoneSimulator
		{9CDECFEF-BE3A-40DB-B770-24C283F0D0B2}.Debug|iPhone.ActiveCfg = Debug|iPhone
		{9CDECFEF-BE3A-40DB-B770-24C283F0D0B2}.Debug|iPhone.Build.0 = Debug|iPhone
		{9CDECFEF-BE3A-40DB-B770-24C283F0D0B2}.Release|iPhone.ActiveCfg = Release|iPhone
		{9CDECFEF-BE3A-40DB-B770-24C283F0D0B2}.Release|iPhone.Build.0 = Release|iPhone
		{31379BF5-997E-4C09-B5C7-D5AEDD808FED}.Debug|Any CPU.ActiveCfg = Debug|Any CPU
		{31379BF5-997E-4C09-B5C7-D5AEDD808FED}.Debug|Any CPU.Build.0 = Debug|Any CPU
		{31379BF5-997E-4C09-B5C7-D5AEDD808FED}.Release|Any CPU.ActiveCfg = Release|Any CPU
		{31379BF5-997E-4C09-B5C7-D5AEDD808FED}.Release|Any CPU.Build.0 = Release|Any CPU
		{31379BF5-997E-4C09-B5C7-D5AEDD808FED}.Debug|iPhoneSimulator.ActiveCfg = Debug|Any CPU
		{31379BF5-997E-4C09-B5C7-D5AEDD808FED}.Debug|iPhoneSimulator.Build.0 = Debug|Any CPU
		{31379BF5-997E-4C09-B5C7-D5AEDD808FED}.Release|iPhoneSimulator.ActiveCfg = Release|Any CPU
		{31379BF5-997E-4C09-B5C7-D5AEDD808FED}.Release|iPhoneSimulator.Build.0 = Release|Any CPU
		{31379BF5-997E-4C09-B5C7-D5AEDD808FED}.Debug|iPhone.ActiveCfg = Debug|Any CPU
		{31379BF5-997E-4C09-B5C7-D5AEDD808FED}.Debug|iPhone.Build.0 = Debug|Any CPU
		{31379BF5-997E-4C09-B5C7-D5AEDD808FED}.Release|iPhone.ActiveCfg = Release|Any CPU
		{31379BF5-997E-4C09-B5C7-D5AEDD808FED}.Release|iPhone.Build.0 = Release|Any CPU
	EndGlobalSection
	GlobalSection(SolutionProperties) = preSolution
		HideSolutionNode = FALSE
	EndGlobalSection
	GlobalSection(ExtensibilityGlobals) = postSolution
		SolutionGuid = {00EE892F-8A13-45BF-9AA9-D7ED636566F4}
	EndGlobalSection
EndGlobal
